// !$*UTF8*$!
{
	archiveVersion = 1;
	classes = {
	};
	objectVersion = 55;
	objects = {

/* Begin PBXBuildFile section */
		4121BCB7282C49100020A9CA /* InterstitialAdView.swift in Sources */ = {isa = PBXBuildFile; fileRef = 4121BCB6282C49100020A9CA /* InterstitialAdView.swift */; };
		412FEF3A2829A38600C91960 /* BannerAdView.swift in Sources */ = {isa = PBXBuildFile; fileRef = 412FEF392829A38600C91960 /* BannerAdView.swift */; };
		412FEF3C282B78A700C91960 /* Assets.xcassets in Resources */ = {isa = PBXBuildFile; fileRef = 412FEF3B282B78A700C91960 /* Assets.xcassets */; };
		417E0C1E2823657600FCFB34 /* SIL Open Font License.txt in Resources */ = {isa = PBXBuildFile; fileRef = 417E0C1B2823657600FCFB34 /* SIL Open Font License.txt */; };
		417E0C1F2823657600FCFB34 /* Petahja-Regular.otf in Resources */ = {isa = PBXBuildFile; fileRef = 417E0C1C2823657600FCFB34 /* Petahja-Regular.otf */; };
		417E0C202823657600FCFB34 /* Petahja-Italic.otf in Resources */ = {isa = PBXBuildFile; fileRef = 417E0C1D2823657600FCFB34 /* Petahja-Italic.otf */; };
		417E0C2328236A7100FCFB34 /* Fonts.swift in Sources */ = {isa = PBXBuildFile; fileRef = 417E0C2228236A7100FCFB34 /* Fonts.swift */; };
		41C8378627B5975B00AA2A08 /* SuHDokuApp.swift in Sources */ = {isa = PBXBuildFile; fileRef = 41C8378527B5975B00AA2A08 /* SuHDokuApp.swift */; };
		41C8378827B5975B00AA2A08 /* ContentView.swift in Sources */ = {isa = PBXBuildFile; fileRef = 41C8378727B5975B00AA2A08 /* ContentView.swift */; };
		41C8378D27B5975C00AA2A08 /* Preview Assets.xcassets in Resources */ = {isa = PBXBuildFile; fileRef = 41C8378C27B5975C00AA2A08 /* Preview Assets.xcassets */; };
		41C837C927B59DF500AA2A08 /* hardPuzzleSeeds.txt in Resources */ = {isa = PBXBuildFile; fileRef = 41C837C727B59DF500AA2A08 /* hardPuzzleSeeds.txt */; };
		41C837CA27B59DF500AA2A08 /* mediumPuzzleSeeds.txt in Resources */ = {isa = PBXBuildFile; fileRef = 41C837C827B59DF500AA2A08 /* mediumPuzzleSeeds.txt */; };
		41C837CC27B59E2900AA2A08 /* DataHandler.swift in Sources */ = {isa = PBXBuildFile; fileRef = 41C837CB27B59E2900AA2A08 /* DataHandler.swift */; };
		41C837CE27B59E7300AA2A08 /* GameManager.swift in Sources */ = {isa = PBXBuildFile; fileRef = 41C837CD27B59E7300AA2A08 /* GameManager.swift */; };
		41C837D027B59E7C00AA2A08 /* GameTimer.swift in Sources */ = {isa = PBXBuildFile; fileRef = 41C837CF27B59E7C00AA2A08 /* GameTimer.swift */; };
		41C837D227B59E8600AA2A08 /* PreferencesManager.swift in Sources */ = {isa = PBXBuildFile; fileRef = 41C837D127B59E8600AA2A08 /* PreferencesManager.swift */; };
		41C837D427B59E8C00AA2A08 /* Puzzle.swift in Sources */ = {isa = PBXBuildFile; fileRef = 41C837D327B59E8C00AA2A08 /* Puzzle.swift */; };
		41C837D627B59E9900AA2A08 /* PuzzleGenerator.swift in Sources */ = {isa = PBXBuildFile; fileRef = 41C837D527B59E9900AA2A08 /* PuzzleGenerator.swift */; };
		41C837D827B59F8500AA2A08 /* CommandBar.swift in Sources */ = {isa = PBXBuildFile; fileRef = 41C837D727B59F8500AA2A08 /* CommandBar.swift */; };
		41C837DA27B59F8F00AA2A08 /* NumberBar.swift in Sources */ = {isa = PBXBuildFile; fileRef = 41C837D927B59F8F00AA2A08 /* NumberBar.swift */; };
		41C837DC27B59F9900AA2A08 /* NumberInput.swift in Sources */ = {isa = PBXBuildFile; fileRef = 41C837DB27B59F9900AA2A08 /* NumberInput.swift */; };
		41C837DE27B59FA000AA2A08 /* ToolBar.swift in Sources */ = {isa = PBXBuildFile; fileRef = 41C837DD27B59FA000AA2A08 /* ToolBar.swift */; };
		41C837E027B59FAE00AA2A08 /* ToolInput.swift in Sources */ = {isa = PBXBuildFile; fileRef = 41C837DF27B59FAE00AA2A08 /* ToolInput.swift */; };
		41C837E727B5A0C400AA2A08 /* MainMenu.swift in Sources */ = {isa = PBXBuildFile; fileRef = 41C837E227B5A0C400AA2A08 /* MainMenu.swift */; };
		41C837E827B5A0C400AA2A08 /* ResumeGame-Button.swift in Sources */ = {isa = PBXBuildFile; fileRef = 41C837E327B5A0C400AA2A08 /* ResumeGame-Button.swift */; };
		41C837E927B5A0C400AA2A08 /* MainMenu-Layout.swift in Sources */ = {isa = PBXBuildFile; fileRef = 41C837E427B5A0C400AA2A08 /* MainMenu-Layout.swift */; };
		41C837EA27B5A0C400AA2A08 /* NewGame-Button.swift in Sources */ = {isa = PBXBuildFile; fileRef = 41C837E527B5A0C400AA2A08 /* NewGame-Button.swift */; };
		41C837EB27B5A0C400AA2A08 /* Stats-Button.swift in Sources */ = {isa = PBXBuildFile; fileRef = 41C837E627B5A0C400AA2A08 /* Stats-Button.swift */; };
		41C837ED27B63FF500AA2A08 /* GameLayout.swift in Sources */ = {isa = PBXBuildFile; fileRef = 41C837EC27B63FF500AA2A08 /* GameLayout.swift */; };
		41C837EF27B63FFC00AA2A08 /* GameView.swift in Sources */ = {isa = PBXBuildFile; fileRef = 41C837EE27B63FFC00AA2A08 /* GameView.swift */; };
		41C837F127B6407600AA2A08 /* BoardView.swift in Sources */ = {isa = PBXBuildFile; fileRef = 41C837F027B6407600AA2A08 /* BoardView.swift */; };
		41C837F327B6407C00AA2A08 /* CellView.swift in Sources */ = {isa = PBXBuildFile; fileRef = 41C837F227B6407C00AA2A08 /* CellView.swift */; };
		41C837F527B6408200AA2A08 /* PencilView.swift in Sources */ = {isa = PBXBuildFile; fileRef = 41C837F427B6408200AA2A08 /* PencilView.swift */; };
		41C837F727B6408E00AA2A08 /* ThreeByThreeView.swift in Sources */ = {isa = PBXBuildFile; fileRef = 41C837F627B6408E00AA2A08 /* ThreeByThreeView.swift */; };
		41C837F927B6412C00AA2A08 /* SettingsView.swift in Sources */ = {isa = PBXBuildFile; fileRef = 41C837F827B6412C00AA2A08 /* SettingsView.swift */; };
		41C837FB27B6416000AA2A08 /* StatsDetail.swift in Sources */ = {isa = PBXBuildFile; fileRef = 41C837FA27B6416000AA2A08 /* StatsDetail.swift */; };
		41C837FD27B6416700AA2A08 /* StatsScreen.swift in Sources */ = {isa = PBXBuildFile; fileRef = 41C837FC27B6416700AA2A08 /* StatsScreen.swift */; };
		41C837FF27B6419C00AA2A08 /* TimerLabel.swift in Sources */ = {isa = PBXBuildFile; fileRef = 41C837FE27B6419C00AA2A08 /* TimerLabel.swift */; };
		41E1A4B1283C0AC800F0A804 /* AppTrackingTransparency.framework in Frameworks */ = {isa = PBXBuildFile; fileRef = 41E1A4AF283C0AC800F0A804 /* AppTrackingTransparency.framework */; settings = {ATTRIBUTES = (Weak, ); }; };
		41E1A4B2283C0AC900F0A804 /* AdSupport.framework in Frameworks */ = {isa = PBXBuildFile; fileRef = 41E1A4B0283C0AC800F0A804 /* AdSupport.framework */; settings = {ATTRIBUTES = (Weak, ); }; };
		41E1A4B6283C14C700F0A804 /* Auth.swift in Sources */ = {isa = PBXBuildFile; fileRef = 41E1A4B5283C14C700F0A804 /* Auth.swift */; };
		41E1A4CF2845F62E00F0A804 /* ATTHelper.swift in Sources */ = {isa = PBXBuildFile; fileRef = 41E1A4CE2845F62E00F0A804 /* ATTHelper.swift */; };
		7E7158741256F87C6BDA396C /* libPods-SuHDoku.a in Frameworks */ = {isa = PBXBuildFile; fileRef = E7327313B7BD964E34598135 /* libPods-SuHDoku.a */; };
/* End PBXBuildFile section */

/* Begin PBXFileReference section */
		4121BCB6282C49100020A9CA /* InterstitialAdView.swift */ = {isa = PBXFileReference; lastKnownFileType = sourcecode.swift; path = InterstitialAdView.swift; sourceTree = "<group>"; };
		412FEF392829A38600C91960 /* BannerAdView.swift */ = {isa = PBXFileReference; lastKnownFileType = sourcecode.swift; path = BannerAdView.swift; sourceTree = "<group>"; };
		412FEF3B282B78A700C91960 /* Assets.xcassets */ = {isa = PBXFileReference; lastKnownFileType = folder.assetcatalog; path = Assets.xcassets; sourceTree = "<group>"; };
		417E0C1B2823657600FCFB34 /* SIL Open Font License.txt */ = {isa = PBXFileReference; fileEncoding = 4; lastKnownFileType = text; path = "SIL Open Font License.txt"; sourceTree = "<group>"; };
		417E0C1C2823657600FCFB34 /* Petahja-Regular.otf */ = {isa = PBXFileReference; lastKnownFileType = file; path = "Petahja-Regular.otf"; sourceTree = "<group>"; };
		417E0C1D2823657600FCFB34 /* Petahja-Italic.otf */ = {isa = PBXFileReference; lastKnownFileType = file; path = "Petahja-Italic.otf"; sourceTree = "<group>"; };
		417E0C21282365AF00FCFB34 /* Info.plist */ = {isa = PBXFileReference; lastKnownFileType = text.plist; path = Info.plist; sourceTree = "<group>"; };
		417E0C2228236A7100FCFB34 /* Fonts.swift */ = {isa = PBXFileReference; lastKnownFileType = sourcecode.swift; path = Fonts.swift; sourceTree = "<group>"; };
		41C8378227B5975B00AA2A08 /* SuHDoku.app */ = {isa = PBXFileReference; explicitFileType = wrapper.application; includeInIndex = 0; path = SuHDoku.app; sourceTree = BUILT_PRODUCTS_DIR; };
		41C8378527B5975B00AA2A08 /* SuHDokuApp.swift */ = {isa = PBXFileReference; lastKnownFileType = sourcecode.swift; path = SuHDokuApp.swift; sourceTree = "<group>"; };
		41C8378727B5975B00AA2A08 /* ContentView.swift */ = {isa = PBXFileReference; lastKnownFileType = sourcecode.swift; path = ContentView.swift; sourceTree = "<group>"; };
		41C8378C27B5975C00AA2A08 /* Preview Assets.xcassets */ = {isa = PBXFileReference; lastKnownFileType = folder.assetcatalog; path = "Preview Assets.xcassets"; sourceTree = "<group>"; };
		41C837C727B59DF500AA2A08 /* hardPuzzleSeeds.txt */ = {isa = PBXFileReference; fileEncoding = 4; lastKnownFileType = text; path = hardPuzzleSeeds.txt; sourceTree = "<group>"; };
		41C837C827B59DF500AA2A08 /* mediumPuzzleSeeds.txt */ = {isa = PBXFileReference; fileEncoding = 4; lastKnownFileType = text; path = mediumPuzzleSeeds.txt; sourceTree = "<group>"; };
		41C837CB27B59E2900AA2A08 /* DataHandler.swift */ = {isa = PBXFileReference; lastKnownFileType = sourcecode.swift; path = DataHandler.swift; sourceTree = "<group>"; };
		41C837CD27B59E7300AA2A08 /* GameManager.swift */ = {isa = PBXFileReference; lastKnownFileType = sourcecode.swift; path = GameManager.swift; sourceTree = "<group>"; };
		41C837CF27B59E7C00AA2A08 /* GameTimer.swift */ = {isa = PBXFileReference; lastKnownFileType = sourcecode.swift; path = GameTimer.swift; sourceTree = "<group>"; };
		41C837D127B59E8600AA2A08 /* PreferencesManager.swift */ = {isa = PBXFileReference; lastKnownFileType = sourcecode.swift; path = PreferencesManager.swift; sourceTree = "<group>"; };
		41C837D327B59E8C00AA2A08 /* Puzzle.swift */ = {isa = PBXFileReference; lastKnownFileType = sourcecode.swift; path = Puzzle.swift; sourceTree = "<group>"; };
		41C837D527B59E9900AA2A08 /* PuzzleGenerator.swift */ = {isa = PBXFileReference; lastKnownFileType = sourcecode.swift; path = PuzzleGenerator.swift; sourceTree = "<group>"; };
		41C837D727B59F8500AA2A08 /* CommandBar.swift */ = {isa = PBXFileReference; lastKnownFileType = sourcecode.swift; path = CommandBar.swift; sourceTree = "<group>"; };
		41C837D927B59F8F00AA2A08 /* NumberBar.swift */ = {isa = PBXFileReference; lastKnownFileType = sourcecode.swift; path = NumberBar.swift; sourceTree = "<group>"; };
		41C837DB27B59F9900AA2A08 /* NumberInput.swift */ = {isa = PBXFileReference; lastKnownFileType = sourcecode.swift; path = NumberInput.swift; sourceTree = "<group>"; };
		41C837DD27B59FA000AA2A08 /* ToolBar.swift */ = {isa = PBXFileReference; lastKnownFileType = sourcecode.swift; path = ToolBar.swift; sourceTree = "<group>"; };
		41C837DF27B59FAE00AA2A08 /* ToolInput.swift */ = {isa = PBXFileReference; lastKnownFileType = sourcecode.swift; path = ToolInput.swift; sourceTree = "<group>"; };
		41C837E227B5A0C400AA2A08 /* MainMenu.swift */ = {isa = PBXFileReference; fileEncoding = 4; lastKnownFileType = sourcecode.swift; path = MainMenu.swift; sourceTree = "<group>"; };
		41C837E327B5A0C400AA2A08 /* ResumeGame-Button.swift */ = {isa = PBXFileReference; fileEncoding = 4; lastKnownFileType = sourcecode.swift; path = "ResumeGame-Button.swift"; sourceTree = "<group>"; };
		41C837E427B5A0C400AA2A08 /* MainMenu-Layout.swift */ = {isa = PBXFileReference; fileEncoding = 4; lastKnownFileType = sourcecode.swift; path = "MainMenu-Layout.swift"; sourceTree = "<group>"; };
		41C837E527B5A0C400AA2A08 /* NewGame-Button.swift */ = {isa = PBXFileReference; fileEncoding = 4; lastKnownFileType = sourcecode.swift; path = "NewGame-Button.swift"; sourceTree = "<group>"; };
		41C837E627B5A0C400AA2A08 /* Stats-Button.swift */ = {isa = PBXFileReference; fileEncoding = 4; lastKnownFileType = sourcecode.swift; path = "Stats-Button.swift"; sourceTree = "<group>"; };
		41C837EC27B63FF500AA2A08 /* GameLayout.swift */ = {isa = PBXFileReference; lastKnownFileType = sourcecode.swift; path = GameLayout.swift; sourceTree = "<group>"; };
		41C837EE27B63FFC00AA2A08 /* GameView.swift */ = {isa = PBXFileReference; lastKnownFileType = sourcecode.swift; path = GameView.swift; sourceTree = "<group>"; };
		41C837F027B6407600AA2A08 /* BoardView.swift */ = {isa = PBXFileReference; lastKnownFileType = sourcecode.swift; path = BoardView.swift; sourceTree = "<group>"; };
		41C837F227B6407C00AA2A08 /* CellView.swift */ = {isa = PBXFileReference; lastKnownFileType = sourcecode.swift; path = CellView.swift; sourceTree = "<group>"; };
		41C837F427B6408200AA2A08 /* PencilView.swift */ = {isa = PBXFileReference; lastKnownFileType = sourcecode.swift; path = PencilView.swift; sourceTree = "<group>"; };
		41C837F627B6408E00AA2A08 /* ThreeByThreeView.swift */ = {isa = PBXFileReference; lastKnownFileType = sourcecode.swift; path = ThreeByThreeView.swift; sourceTree = "<group>"; };
		41C837F827B6412C00AA2A08 /* SettingsView.swift */ = {isa = PBXFileReference; lastKnownFileType = sourcecode.swift; path = SettingsView.swift; sourceTree = "<group>"; };
		41C837FA27B6416000AA2A08 /* StatsDetail.swift */ = {isa = PBXFileReference; lastKnownFileType = sourcecode.swift; path = StatsDetail.swift; sourceTree = "<group>"; };
		41C837FC27B6416700AA2A08 /* StatsScreen.swift */ = {isa = PBXFileReference; lastKnownFileType = sourcecode.swift; path = StatsScreen.swift; sourceTree = "<group>"; };
		41C837FE27B6419C00AA2A08 /* TimerLabel.swift */ = {isa = PBXFileReference; lastKnownFileType = sourcecode.swift; path = TimerLabel.swift; sourceTree = "<group>"; };
		41E1A4AF283C0AC800F0A804 /* AppTrackingTransparency.framework */ = {isa = PBXFileReference; lastKnownFileType = wrapper.framework; name = AppTrackingTransparency.framework; path = System/Library/Frameworks/AppTrackingTransparency.framework; sourceTree = SDKROOT; };
		41E1A4B0283C0AC800F0A804 /* AdSupport.framework */ = {isa = PBXFileReference; lastKnownFileType = wrapper.framework; name = AdSupport.framework; path = System/Library/Frameworks/AdSupport.framework; sourceTree = SDKROOT; };
		41E1A4B5283C14C700F0A804 /* Auth.swift */ = {isa = PBXFileReference; lastKnownFileType = sourcecode.swift; path = Auth.swift; sourceTree = "<group>"; };
		41E1A4CE2845F62E00F0A804 /* ATTHelper.swift */ = {isa = PBXFileReference; lastKnownFileType = sourcecode.swift; path = ATTHelper.swift; sourceTree = "<group>"; };
		7CD23D73184C431CAE2B5787 /* Pods-SuHDoku.debug.xcconfig */ = {isa = PBXFileReference; includeInIndex = 1; lastKnownFileType = text.xcconfig; name = "Pods-SuHDoku.debug.xcconfig"; path = "Target Support Files/Pods-SuHDoku/Pods-SuHDoku.debug.xcconfig"; sourceTree = "<group>"; };
		E7327313B7BD964E34598135 /* libPods-SuHDoku.a */ = {isa = PBXFileReference; explicitFileType = archive.ar; includeInIndex = 0; path = "libPods-SuHDoku.a"; sourceTree = BUILT_PRODUCTS_DIR; };
		FA648EC71805FC0C93412C39 /* Pods-SuHDoku.release.xcconfig */ = {isa = PBXFileReference; includeInIndex = 1; lastKnownFileType = text.xcconfig; name = "Pods-SuHDoku.release.xcconfig"; path = "Target Support Files/Pods-SuHDoku/Pods-SuHDoku.release.xcconfig"; sourceTree = "<group>"; };
/* End PBXFileReference section */

/* Begin PBXFrameworksBuildPhase section */
		41C8377F27B5975B00AA2A08 /* Frameworks */ = {
			isa = PBXFrameworksBuildPhase;
			buildActionMask = 2147483647;
			files = (
				41E1A4B1283C0AC800F0A804 /* AppTrackingTransparency.framework in Frameworks */,
				41E1A4B2283C0AC900F0A804 /* AdSupport.framework in Frameworks */,
				7E7158741256F87C6BDA396C /* libPods-SuHDoku.a in Frameworks */,
			);
			runOnlyForDeploymentPostprocessing = 0;
		};
/* End PBXFrameworksBuildPhase section */

/* Begin PBXGroup section */
		412FEF382829A2F800C91960 /* AdViews */ = {
			isa = PBXGroup;
			children = (
				412FEF392829A38600C91960 /* BannerAdView.swift */,
				4121BCB6282C49100020A9CA /* InterstitialAdView.swift */,
			);
			path = AdViews;
			sourceTree = "<group>";
		};
		417E0C1A2823656500FCFB34 /* Extensions */ = {
			isa = PBXGroup;
			children = (
				417E0C1D2823657600FCFB34 /* Petahja-Italic.otf */,
				417E0C1C2823657600FCFB34 /* Petahja-Regular.otf */,
				417E0C1B2823657600FCFB34 /* SIL Open Font License.txt */,
				417E0C2228236A7100FCFB34 /* Fonts.swift */,
				41E1A4B5283C14C700F0A804 /* Auth.swift */,
			);
			path = Extensions;
			sourceTree = "<group>";
		};
		41C8377927B5975B00AA2A08 = {
			isa = PBXGroup;
			children = (
				41C8378427B5975B00AA2A08 /* SuHDoku */,
				41C8378327B5975B00AA2A08 /* Products */,
				87FF36C262E3396FDB060B83 /* Pods */,
				B704FF54BB398D7B22C3BE24 /* Frameworks */,
			);
			sourceTree = "<group>";
		};
		41C8378327B5975B00AA2A08 /* Products */ = {
			isa = PBXGroup;
			children = (
				41C8378227B5975B00AA2A08 /* SuHDoku.app */,
			);
			name = Products;
			sourceTree = "<group>";
		};
		41C8378427B5975B00AA2A08 /* SuHDoku */ = {
			isa = PBXGroup;
			children = (
				412FEF3B282B78A700C91960 /* Assets.xcassets */,
				417E0C21282365AF00FCFB34 /* Info.plist */,
				41C8378527B5975B00AA2A08 /* SuHDokuApp.swift */,
				417E0C1A2823656500FCFB34 /* Extensions */,
				41C837C527B59DEB00AA2A08 /* Model */,
				41C837A927B59CEE00AA2A08 /* Views */,
				41C837C627B59DF500AA2A08 /* Puzzle Seeds */,
				41C8378B27B5975C00AA2A08 /* Preview Content */,
			);
			path = SuHDoku;
			sourceTree = "<group>";
		};
		41C8378B27B5975C00AA2A08 /* Preview Content */ = {
			isa = PBXGroup;
			children = (
				41C8378C27B5975C00AA2A08 /* Preview Assets.xcassets */,
			);
			path = "Preview Content";
			sourceTree = "<group>";
		};
		41C837A827B59CCD00AA2A08 /* Settings */ = {
			isa = PBXGroup;
			children = (
				41C837F827B6412C00AA2A08 /* SettingsView.swift */,
			);
			name = Settings;
			path = SuHDoku/Views/Settings;
			sourceTree = SOURCE_ROOT;
		};
		41C837A927B59CEE00AA2A08 /* Views */ = {
			isa = PBXGroup;
			children = (
				41C8378727B5975B00AA2A08 /* ContentView.swift */,
				412FEF382829A2F800C91960 /* AdViews */,
				41C837E127B5A0C400AA2A08 /* Main Menu */,
				41C837A827B59CCD00AA2A08 /* Settings */,
				41C837AA27B59CEE00AA2A08 /* Command Bar */,
				41C837AB27B59CEE00AA2A08 /* Timer */,
				41C837AC27B59CEE00AA2A08 /* Game */,
				41C837AD27B59CEE00AA2A08 /* Puzzle Board */,
				41C837B427B59CEE00AA2A08 /* Stats Screen */,
			);
			name = Views;
			path = SuHDoku/Views;
			sourceTree = SOURCE_ROOT;
		};
		41C837AA27B59CEE00AA2A08 /* Command Bar */ = {
			isa = PBXGroup;
			children = (
				41C837D727B59F8500AA2A08 /* CommandBar.swift */,
				41C837DD27B59FA000AA2A08 /* ToolBar.swift */,
				41C837D927B59F8F00AA2A08 /* NumberBar.swift */,
				41C837DB27B59F9900AA2A08 /* NumberInput.swift */,
				41C837DF27B59FAE00AA2A08 /* ToolInput.swift */,
			);
			path = "Command Bar";
			sourceTree = "<group>";
		};
		41C837AB27B59CEE00AA2A08 /* Timer */ = {
			isa = PBXGroup;
			children = (
				41C837FE27B6419C00AA2A08 /* TimerLabel.swift */,
			);
			path = Timer;
			sourceTree = "<group>";
		};
		41C837AC27B59CEE00AA2A08 /* Game */ = {
			isa = PBXGroup;
			children = (
				41C837EC27B63FF500AA2A08 /* GameLayout.swift */,
				41C837EE27B63FFC00AA2A08 /* GameView.swift */,
			);
			path = Game;
			sourceTree = "<group>";
		};
		41C837AD27B59CEE00AA2A08 /* Puzzle Board */ = {
			isa = PBXGroup;
			children = (
				41C837F027B6407600AA2A08 /* BoardView.swift */,
				41C837F227B6407C00AA2A08 /* CellView.swift */,
				41C837F427B6408200AA2A08 /* PencilView.swift */,
				41C837F627B6408E00AA2A08 /* ThreeByThreeView.swift */,
			);
			path = "Puzzle Board";
			sourceTree = "<group>";
		};
		41C837B427B59CEE00AA2A08 /* Stats Screen */ = {
			isa = PBXGroup;
			children = (
				41C837FA27B6416000AA2A08 /* StatsDetail.swift */,
				41C837FC27B6416700AA2A08 /* StatsScreen.swift */,
			);
			path = "Stats Screen";
			sourceTree = "<group>";
		};
		41C837C527B59DEB00AA2A08 /* Model */ = {
			isa = PBXGroup;
			children = (
				41C837CB27B59E2900AA2A08 /* DataHandler.swift */,
				41C837CD27B59E7300AA2A08 /* GameManager.swift */,
				41C837CF27B59E7C00AA2A08 /* GameTimer.swift */,
				41C837D127B59E8600AA2A08 /* PreferencesManager.swift */,
				41C837D327B59E8C00AA2A08 /* Puzzle.swift */,
				41C837D527B59E9900AA2A08 /* PuzzleGenerator.swift */,
				41E1A4CE2845F62E00F0A804 /* ATTHelper.swift */,
			);
			path = Model;
			sourceTree = "<group>";
		};
		41C837C627B59DF500AA2A08 /* Puzzle Seeds */ = {
			isa = PBXGroup;
			children = (
				41C837C727B59DF500AA2A08 /* hardPuzzleSeeds.txt */,
				41C837C827B59DF500AA2A08 /* mediumPuzzleSeeds.txt */,
			);
			path = "Puzzle Seeds";
			sourceTree = "<group>";
		};
		41C837E127B5A0C400AA2A08 /* Main Menu */ = {
			isa = PBXGroup;
			children = (
				41C837E227B5A0C400AA2A08 /* MainMenu.swift */,
				41C837E327B5A0C400AA2A08 /* ResumeGame-Button.swift */,
				41C837E427B5A0C400AA2A08 /* MainMenu-Layout.swift */,
				41C837E527B5A0C400AA2A08 /* NewGame-Button.swift */,
				41C837E627B5A0C400AA2A08 /* Stats-Button.swift */,
			);
			path = "Main Menu";
			sourceTree = "<group>";
		};
		87FF36C262E3396FDB060B83 /* Pods */ = {
			isa = PBXGroup;
			children = (
				7CD23D73184C431CAE2B5787 /* Pods-SuHDoku.debug.xcconfig */,
				FA648EC71805FC0C93412C39 /* Pods-SuHDoku.release.xcconfig */,
			);
			path = Pods;
			sourceTree = "<group>";
		};
		B704FF54BB398D7B22C3BE24 /* Frameworks */ = {
			isa = PBXGroup;
			children = (
				41E1A4B0283C0AC800F0A804 /* AdSupport.framework */,
				41E1A4AF283C0AC800F0A804 /* AppTrackingTransparency.framework */,
				E7327313B7BD964E34598135 /* libPods-SuHDoku.a */,
			);
			name = Frameworks;
			sourceTree = "<group>";
		};
/* End PBXGroup section */

/* Begin PBXNativeTarget section */
		41C8378127B5975B00AA2A08 /* SuHDoku */ = {
			isa = PBXNativeTarget;
			buildConfigurationList = 41C8379027B5975C00AA2A08 /* Build configuration list for PBXNativeTarget "SuHDoku" */;
			buildPhases = (
				98FD058210137C08727D6A68 /* [CP] Check Pods Manifest.lock */,
				41C8377E27B5975B00AA2A08 /* Sources */,
				41C8377F27B5975B00AA2A08 /* Frameworks */,
				41C8378027B5975B00AA2A08 /* Resources */,
			);
			buildRules = (
			);
			dependencies = (
			);
			name = SuHDoku;
			productName = SuHDoku;
			productReference = 41C8378227B5975B00AA2A08 /* SuHDoku.app */;
			productType = "com.apple.product-type.application";
		};
/* End PBXNativeTarget section */

/* Begin PBXProject section */
		41C8377A27B5975B00AA2A08 /* Project object */ = {
			isa = PBXProject;
			attributes = {
				BuildIndependentTargetsInParallel = 1;
				LastSwiftUpdateCheck = 1320;
				LastUpgradeCheck = 1320;
				TargetAttributes = {
					41C8378127B5975B00AA2A08 = {
						CreatedOnToolsVersion = 13.2.1;
					};
				};
			};
			buildConfigurationList = 41C8377D27B5975B00AA2A08 /* Build configuration list for PBXProject "SuHDoku" */;
			compatibilityVersion = "Xcode 13.0";
			developmentRegion = en;
			hasScannedForEncodings = 0;
			knownRegions = (
				en,
				Base,
			);
			mainGroup = 41C8377927B5975B00AA2A08;
			productRefGroup = 41C8378327B5975B00AA2A08 /* Products */;
			projectDirPath = "";
			projectRoot = "";
			targets = (
				41C8378127B5975B00AA2A08 /* SuHDoku */,
			);
		};
/* End PBXProject section */

/* Begin PBXResourcesBuildPhase section */
		41C8378027B5975B00AA2A08 /* Resources */ = {
			isa = PBXResourcesBuildPhase;
			buildActionMask = 2147483647;
			files = (
				417E0C1F2823657600FCFB34 /* Petahja-Regular.otf in Resources */,
				41C8378D27B5975C00AA2A08 /* Preview Assets.xcassets in Resources */,
				417E0C1E2823657600FCFB34 /* SIL Open Font License.txt in Resources */,
				417E0C202823657600FCFB34 /* Petahja-Italic.otf in Resources */,
				412FEF3C282B78A700C91960 /* Assets.xcassets in Resources */,
				41C837CA27B59DF500AA2A08 /* mediumPuzzleSeeds.txt in Resources */,
				41C837C927B59DF500AA2A08 /* hardPuzzleSeeds.txt in Resources */,
			);
			runOnlyForDeploymentPostprocessing = 0;
		};
/* End PBXResourcesBuildPhase section */

/* Begin PBXShellScriptBuildPhase section */
		98FD058210137C08727D6A68 /* [CP] Check Pods Manifest.lock */ = {
			isa = PBXShellScriptBuildPhase;
			buildActionMask = 2147483647;
			files = (
			);
			inputFileListPaths = (
			);
			inputPaths = (
				"${PODS_PODFILE_DIR_PATH}/Podfile.lock",
				"${PODS_ROOT}/Manifest.lock",
			);
			name = "[CP] Check Pods Manifest.lock";
			outputFileListPaths = (
			);
			outputPaths = (
				"$(DERIVED_FILE_DIR)/Pods-SuHDoku-checkManifestLockResult.txt",
			);
			runOnlyForDeploymentPostprocessing = 0;
			shellPath = /bin/sh;
			shellScript = "diff \"${PODS_PODFILE_DIR_PATH}/Podfile.lock\" \"${PODS_ROOT}/Manifest.lock\" > /dev/null\nif [ $? != 0 ] ; then\n    # print error to STDERR\n    echo \"error: The sandbox is not in sync with the Podfile.lock. Run 'pod install' or update your CocoaPods installation.\" >&2\n    exit 1\nfi\n# This output is used by Xcode 'outputs' to avoid re-running this script phase.\necho \"SUCCESS\" > \"${SCRIPT_OUTPUT_FILE_0}\"\n";
			showEnvVarsInLog = 0;
		};
/* End PBXShellScriptBuildPhase section */

/* Begin PBXSourcesBuildPhase section */
		41C8377E27B5975B00AA2A08 /* Sources */ = {
			isa = PBXSourcesBuildPhase;
			buildActionMask = 2147483647;
			files = (
				41C837F327B6407C00AA2A08 /* CellView.swift in Sources */,
				41E1A4CF2845F62E00F0A804 /* ATTHelper.swift in Sources */,
				41C837F527B6408200AA2A08 /* PencilView.swift in Sources */,
				41C837F127B6407600AA2A08 /* BoardView.swift in Sources */,
				4121BCB7282C49100020A9CA /* InterstitialAdView.swift in Sources */,
				41C837EA27B5A0C400AA2A08 /* NewGame-Button.swift in Sources */,
				41C837FF27B6419C00AA2A08 /* TimerLabel.swift in Sources */,
				41C837FB27B6416000AA2A08 /* StatsDetail.swift in Sources */,
				41C837EB27B5A0C400AA2A08 /* Stats-Button.swift in Sources */,
				41C837D827B59F8500AA2A08 /* CommandBar.swift in Sources */,
				41C837DA27B59F8F00AA2A08 /* NumberBar.swift in Sources */,
				417E0C2328236A7100FCFB34 /* Fonts.swift in Sources */,
				41C837F727B6408E00AA2A08 /* ThreeByThreeView.swift in Sources */,
				41C837CE27B59E7300AA2A08 /* GameManager.swift in Sources */,
				41C837DC27B59F9900AA2A08 /* NumberInput.swift in Sources */,
				41C837D227B59E8600AA2A08 /* PreferencesManager.swift in Sources */,
				41C837E927B5A0C400AA2A08 /* MainMenu-Layout.swift in Sources */,
				41C8378827B5975B00AA2A08 /* ContentView.swift in Sources */,
				41C837DE27B59FA000AA2A08 /* ToolBar.swift in Sources */,
				41C837CC27B59E2900AA2A08 /* DataHandler.swift in Sources */,
				41C837F927B6412C00AA2A08 /* SettingsView.swift in Sources */,
				41C837D027B59E7C00AA2A08 /* GameTimer.swift in Sources */,
				41C837E727B5A0C400AA2A08 /* MainMenu.swift in Sources */,
				412FEF3A2829A38600C91960 /* BannerAdView.swift in Sources */,
				41E1A4B6283C14C700F0A804 /* Auth.swift in Sources */,
				41C837D427B59E8C00AA2A08 /* Puzzle.swift in Sources */,
				41C837EF27B63FFC00AA2A08 /* GameView.swift in Sources */,
				41C837E027B59FAE00AA2A08 /* ToolInput.swift in Sources */,
				41C8378627B5975B00AA2A08 /* SuHDokuApp.swift in Sources */,
				41C837D627B59E9900AA2A08 /* PuzzleGenerator.swift in Sources */,
				41C837FD27B6416700AA2A08 /* StatsScreen.swift in Sources */,
				41C837E827B5A0C400AA2A08 /* ResumeGame-Button.swift in Sources */,
				41C837ED27B63FF500AA2A08 /* GameLayout.swift in Sources */,
			);
			runOnlyForDeploymentPostprocessing = 0;
		};
/* End PBXSourcesBuildPhase section */

/* Begin XCBuildConfiguration section */
		41C8378E27B5975C00AA2A08 /* Debug */ = {
			isa = XCBuildConfiguration;
			buildSettings = {
				ALWAYS_SEARCH_USER_PATHS = NO;
				CLANG_ANALYZER_NONNULL = YES;
				CLANG_ANALYZER_NUMBER_OBJECT_CONVERSION = YES_AGGRESSIVE;
				CLANG_CXX_LANGUAGE_STANDARD = "gnu++17";
				CLANG_CXX_LIBRARY = "libc++";
				CLANG_ENABLE_MODULES = YES;
				CLANG_ENABLE_OBJC_ARC = YES;
				CLANG_ENABLE_OBJC_WEAK = YES;
				CLANG_WARN_BLOCK_CAPTURE_AUTORELEASING = YES;
				CLANG_WARN_BOOL_CONVERSION = YES;
				CLANG_WARN_COMMA = YES;
				CLANG_WARN_CONSTANT_CONVERSION = YES;
				CLANG_WARN_DEPRECATED_OBJC_IMPLEMENTATIONS = YES;
				CLANG_WARN_DIRECT_OBJC_ISA_USAGE = YES_ERROR;
				CLANG_WARN_DOCUMENTATION_COMMENTS = YES;
				CLANG_WARN_EMPTY_BODY = YES;
				CLANG_WARN_ENUM_CONVERSION = YES;
				CLANG_WARN_INFINITE_RECURSION = YES;
				CLANG_WARN_INT_CONVERSION = YES;
				CLANG_WARN_NON_LITERAL_NULL_CONVERSION = YES;
				CLANG_WARN_OBJC_IMPLICIT_RETAIN_SELF = YES;
				CLANG_WARN_OBJC_LITERAL_CONVERSION = YES;
				CLANG_WARN_OBJC_ROOT_CLASS = YES_ERROR;
				CLANG_WARN_QUOTED_INCLUDE_IN_FRAMEWORK_HEADER = YES;
				CLANG_WARN_RANGE_LOOP_ANALYSIS = YES;
				CLANG_WARN_STRICT_PROTOTYPES = YES;
				CLANG_WARN_SUSPICIOUS_MOVE = YES;
				CLANG_WARN_UNGUARDED_AVAILABILITY = YES_AGGRESSIVE;
				CLANG_WARN_UNREACHABLE_CODE = YES;
				CLANG_WARN__DUPLICATE_METHOD_MATCH = YES;
				COPY_PHASE_STRIP = NO;
				DEBUG_INFORMATION_FORMAT = dwarf;
				ENABLE_STRICT_OBJC_MSGSEND = YES;
				ENABLE_TESTABILITY = YES;
				GCC_C_LANGUAGE_STANDARD = gnu11;
				GCC_DYNAMIC_NO_PIC = NO;
				GCC_NO_COMMON_BLOCKS = YES;
				GCC_OPTIMIZATION_LEVEL = 0;
				GCC_PREPROCESSOR_DEFINITIONS = (
					"DEBUG=1",
					"$(inherited)",
				);
				GCC_WARN_64_TO_32_BIT_CONVERSION = YES;
				GCC_WARN_ABOUT_RETURN_TYPE = YES_ERROR;
				GCC_WARN_UNDECLARED_SELECTOR = YES;
				GCC_WARN_UNINITIALIZED_AUTOS = YES_AGGRESSIVE;
				GCC_WARN_UNUSED_FUNCTION = YES;
				GCC_WARN_UNUSED_VARIABLE = YES;
				IPHONEOS_DEPLOYMENT_TARGET = 15.3;
				MTL_ENABLE_DEBUG_INFO = INCLUDE_SOURCE;
				MTL_FAST_MATH = YES;
				ONLY_ACTIVE_ARCH = YES;
				SDKROOT = iphoneos;
				SWIFT_ACTIVE_COMPILATION_CONDITIONS = DEBUG;
				SWIFT_OPTIMIZATION_LEVEL = "-Onone";
			};
			name = Debug;
		};
		41C8378F27B5975C00AA2A08 /* Release */ = {
			isa = XCBuildConfiguration;
			buildSettings = {
				ALWAYS_SEARCH_USER_PATHS = NO;
				CLANG_ANALYZER_NONNULL = YES;
				CLANG_ANALYZER_NUMBER_OBJECT_CONVERSION = YES_AGGRESSIVE;
				CLANG_CXX_LANGUAGE_STANDARD = "gnu++17";
				CLANG_CXX_LIBRARY = "libc++";
				CLANG_ENABLE_MODULES = YES;
				CLANG_ENABLE_OBJC_ARC = YES;
				CLANG_ENABLE_OBJC_WEAK = YES;
				CLANG_WARN_BLOCK_CAPTURE_AUTORELEASING = YES;
				CLANG_WARN_BOOL_CONVERSION = YES;
				CLANG_WARN_COMMA = YES;
				CLANG_WARN_CONSTANT_CONVERSION = YES;
				CLANG_WARN_DEPRECATED_OBJC_IMPLEMENTATIONS = YES;
				CLANG_WARN_DIRECT_OBJC_ISA_USAGE = YES_ERROR;
				CLANG_WARN_DOCUMENTATION_COMMENTS = YES;
				CLANG_WARN_EMPTY_BODY = YES;
				CLANG_WARN_ENUM_CONVERSION = YES;
				CLANG_WARN_INFINITE_RECURSION = YES;
				CLANG_WARN_INT_CONVERSION = YES;
				CLANG_WARN_NON_LITERAL_NULL_CONVERSION = YES;
				CLANG_WARN_OBJC_IMPLICIT_RETAIN_SELF = YES;
				CLANG_WARN_OBJC_LITERAL_CONVERSION = YES;
				CLANG_WARN_OBJC_ROOT_CLASS = YES_ERROR;
				CLANG_WARN_QUOTED_INCLUDE_IN_FRAMEWORK_HEADER = YES;
				CLANG_WARN_RANGE_LOOP_ANALYSIS = YES;
				CLANG_WARN_STRICT_PROTOTYPES = YES;
				CLANG_WARN_SUSPICIOUS_MOVE = YES;
				CLANG_WARN_UNGUARDED_AVAILABILITY = YES_AGGRESSIVE;
				CLANG_WARN_UNREACHABLE_CODE = YES;
				CLANG_WARN__DUPLICATE_METHOD_MATCH = YES;
				COPY_PHASE_STRIP = NO;
				DEBUG_INFORMATION_FORMAT = "dwarf-with-dsym";
				ENABLE_NS_ASSERTIONS = NO;
				ENABLE_STRICT_OBJC_MSGSEND = YES;
				GCC_C_LANGUAGE_STANDARD = gnu11;
				GCC_NO_COMMON_BLOCKS = YES;
				GCC_WARN_64_TO_32_BIT_CONVERSION = YES;
				GCC_WARN_ABOUT_RETURN_TYPE = YES_ERROR;
				GCC_WARN_UNDECLARED_SELECTOR = YES;
				GCC_WARN_UNINITIALIZED_AUTOS = YES_AGGRESSIVE;
				GCC_WARN_UNUSED_FUNCTION = YES;
				GCC_WARN_UNUSED_VARIABLE = YES;
				IPHONEOS_DEPLOYMENT_TARGET = 15.3;
				MTL_ENABLE_DEBUG_INFO = NO;
				MTL_FAST_MATH = YES;
				SDKROOT = iphoneos;
				SWIFT_COMPILATION_MODE = wholemodule;
				SWIFT_OPTIMIZATION_LEVEL = "-O";
				VALIDATE_PRODUCT = YES;
			};
			name = Release;
		};
		41C8379127B5975C00AA2A08 /* Debug */ = {
			isa = XCBuildConfiguration;
			baseConfigurationReference = 7CD23D73184C431CAE2B5787 /* Pods-SuHDoku.debug.xcconfig */;
			buildSettings = {
				ASSETCATALOG_COMPILER_APPICON_NAME = AppIcon;
				ASSETCATALOG_COMPILER_GLOBAL_ACCENT_COLOR_NAME = AccentColor;
				CODE_SIGN_STYLE = Automatic;
				CURRENT_PROJECT_VERSION = 3;
				DEVELOPMENT_ASSET_PATHS = "\"SuHDoku/Preview Content\"";
				DEVELOPMENT_TEAM = Z9NXKK53HS;
				ENABLE_PREVIEWS = YES;
				GENERATE_INFOPLIST_FILE = YES;
				INFOPLIST_FILE = SuHDoku/Info.plist;
				INFOPLIST_KEY_NSUserTrackingUsageDescription = "We use this to deliver personalized ads to you.";
				INFOPLIST_KEY_UIApplicationSceneManifest_Generation = YES;
				INFOPLIST_KEY_UIApplicationSupportsIndirectInputEvents = YES;
				INFOPLIST_KEY_UILaunchScreen_Generation = YES;
				INFOPLIST_KEY_UISupportedInterfaceOrientations = "UIInterfaceOrientationPortrait UIInterfaceOrientationLandscapeLeft UIInterfaceOrientationLandscapeRight";
				INFOPLIST_KEY_UISupportedInterfaceOrientations_iPad = "UIInterfaceOrientationPortrait UIInterfaceOrientationPortraitUpsideDown UIInterfaceOrientationLandscapeLeft UIInterfaceOrientationLandscapeRight";
				INFOPLIST_KEY_UISupportedInterfaceOrientations_iPhone = "UIInterfaceOrientationPortrait UIInterfaceOrientationLandscapeLeft UIInterfaceOrientationLandscapeRight";
				IPHONEOS_DEPLOYMENT_TARGET = 15.3;
				LD_RUNPATH_SEARCH_PATHS = (
					"$(inherited)",
					"@executable_path/Frameworks",
				);
				MARKETING_VERSION = 1.0;
				PRODUCT_BUNDLE_IDENTIFIER = com.hunterdowney.suhdokuGame;
				PRODUCT_NAME = "$(TARGET_NAME)";
				SWIFT_EMIT_LOC_STRINGS = YES;
				SWIFT_VERSION = 5.0;
				TARGETED_DEVICE_FAMILY = "1,2";
			};
			name = Debug;
		};
		41C8379227B5975C00AA2A08 /* Release */ = {
			isa = XCBuildConfiguration;
			baseConfigurationReference = FA648EC71805FC0C93412C39 /* Pods-SuHDoku.release.xcconfig */;
			buildSettings = {
				ASSETCATALOG_COMPILER_APPICON_NAME = AppIcon;
				ASSETCATALOG_COMPILER_GLOBAL_ACCENT_COLOR_NAME = AccentColor;
				CODE_SIGN_STYLE = Automatic;
				CURRENT_PROJECT_VERSION = 3;
				DEVELOPMENT_ASSET_PATHS = "\"SuHDoku/Preview Content\"";
				DEVELOPMENT_TEAM = Z9NXKK53HS;
				ENABLE_PREVIEWS = YES;
				GENERATE_INFOPLIST_FILE = YES;
				INFOPLIST_FILE = SuHDoku/Info.plist;
				INFOPLIST_KEY_NSUserTrackingUsageDescription = "We use this to deliver personalized ads to you.";
				INFOPLIST_KEY_UIApplicationSceneManifest_Generation = YES;
				INFOPLIST_KEY_UIApplicationSupportsIndirectInputEvents = YES;
				INFOPLIST_KEY_UILaunchScreen_Generation = YES;
				INFOPLIST_KEY_UISupportedInterfaceOrientations = "UIInterfaceOrientationPortrait UIInterfaceOrientationLandscapeLeft UIInterfaceOrientationLandscapeRight";
				INFOPLIST_KEY_UISupportedInterfaceOrientations_iPad = "UIInterfaceOrientationPortrait UIInterfaceOrientationPortraitUpsideDown UIInterfaceOrientationLandscapeLeft UIInterfaceOrientationLandscapeRight";
				INFOPLIST_KEY_UISupportedInterfaceOrientations_iPhone = "UIInterfaceOrientationPortrait UIInterfaceOrientationLandscapeLeft UIInterfaceOrientationLandscapeRight";
				IPHONEOS_DEPLOYMENT_TARGET = 15.3;
				LD_RUNPATH_SEARCH_PATHS = (
					"$(inherited)",
					"@executable_path/Frameworks",
				);
				MARKETING_VERSION = 1.0;
				PRODUCT_BUNDLE_IDENTIFIER = com.hunterdowney.suhdokuGame;
				PRODUCT_NAME = "$(TARGET_NAME)";
				SWIFT_EMIT_LOC_STRINGS = YES;
				SWIFT_VERSION = 5.0;
				TARGETED_DEVICE_FAMILY = "1,2";
			};
			name = Release;
		};
/* End XCBuildConfiguration section */

/* Begin XCConfigurationList section */
		41C8377D27B5975B00AA2A08 /* Build configuration list for PBXProject "SuHDoku" */ = {
			isa = XCConfigurationList;
			buildConfigurations = (
				41C8378E27B5975C00AA2A08 /* Debug */,
				41C8378F27B5975C00AA2A08 /* Release */,
			);
			defaultConfigurationIsVisible = 0;
			defaultConfigurationName = Release;
		};
		41C8379027B5975C00AA2A08 /* Build configuration list for PBXNativeTarget "SuHDoku" */ = {
			isa = XCConfigurationList;
			buildConfigurations = (
				41C8379127B5975C00AA2A08 /* Debug */,
				41C8379227B5975C00AA2A08 /* Release */,
			);
			defaultConfigurationIsVisible = 0;
			defaultConfigurationName = Release;
		};
/* End XCConfigurationList section */
	};
	rootObject = 41C8377A27B5975B00AA2A08 /* Project object */;
}
