// !$*UTF8*$!
{
	archiveVersion = 1;
	classes = {
	};
	objectVersion = 55;
	objects = {

/* Begin PBXBuildFile section */
		41485E232819D80B000648D0 /* AppDelegate.swift in Sources */ = {isa = PBXBuildFile; fileRef = 41485E222819D80B000648D0 /* AppDelegate.swift */; };
		41485E252819D80B000648D0 /* SceneDelegate.swift in Sources */ = {isa = PBXBuildFile; fileRef = 41485E242819D80B000648D0 /* SceneDelegate.swift */; };
		41485E272819D80B000648D0 /* HomeViewController.swift in Sources */ = {isa = PBXBuildFile; fileRef = 41485E262819D80B000648D0 /* HomeViewController.swift */; };
		41485E2C2819D80D000648D0 /* Assets.xcassets in Resources */ = {isa = PBXBuildFile; fileRef = 41485E2B2819D80D000648D0 /* Assets.xcassets */; };
		41485E2F2819D80D000648D0 /* LaunchScreen.storyboard in Resources */ = {isa = PBXBuildFile; fileRef = 41485E2D2819D80D000648D0 /* LaunchScreen.storyboard */; };
		417E0C02282067F500FCFB34 /* SettingsModel.swift in Sources */ = {isa = PBXBuildFile; fileRef = 417E0C01282067F500FCFB34 /* SettingsModel.swift */; };
		41D5B4802819DAA500B98730 /* TabBarViewController.swift in Sources */ = {isa = PBXBuildFile; fileRef = 41D5B47F2819DAA500B98730 /* TabBarViewController.swift */; };
		41D5B4822819DAEC00B98730 /* SearchViewController.swift in Sources */ = {isa = PBXBuildFile; fileRef = 41D5B4812819DAEC00B98730 /* SearchViewController.swift */; };
		41D5B4842819DAFC00B98730 /* LibraryViewController.swift in Sources */ = {isa = PBXBuildFile; fileRef = 41D5B4832819DAFC00B98730 /* LibraryViewController.swift */; };
		41D5B4882819DBBE00B98730 /* AuthViewController.swift in Sources */ = {isa = PBXBuildFile; fileRef = 41D5B4872819DBBE00B98730 /* AuthViewController.swift */; };
		41D5B48A2819DBC800B98730 /* WelcomeViewController.swift in Sources */ = {isa = PBXBuildFile; fileRef = 41D5B4892819DBC800B98730 /* WelcomeViewController.swift */; };
		41D5B48C2819DBD500B98730 /* SettingsViewController.swift in Sources */ = {isa = PBXBuildFile; fileRef = 41D5B48B2819DBD500B98730 /* SettingsViewController.swift */; };
		41D5B48E2819DBE200B98730 /* ProfileViewController.swift in Sources */ = {isa = PBXBuildFile; fileRef = 41D5B48D2819DBE200B98730 /* ProfileViewController.swift */; };
		41D5B4902819DBEE00B98730 /* PlayerViewController.swift in Sources */ = {isa = PBXBuildFile; fileRef = 41D5B48F2819DBEE00B98730 /* PlayerViewController.swift */; };
		41D5B4922819DCDC00B98730 /* PlaylistViewController.swift in Sources */ = {isa = PBXBuildFile; fileRef = 41D5B4912819DCDC00B98730 /* PlaylistViewController.swift */; };
		41D5B4942819DCF600B98730 /* SearchResultsViewController.swift in Sources */ = {isa = PBXBuildFile; fileRef = 41D5B4932819DCF600B98730 /* SearchResultsViewController.swift */; };
		41D5B4962819DD1500B98730 /* AuthManager.swift in Sources */ = {isa = PBXBuildFile; fileRef = 41D5B4952819DD1500B98730 /* AuthManager.swift */; };
		41D5B4982819DD2200B98730 /* APICaller.swift in Sources */ = {isa = PBXBuildFile; fileRef = 41D5B4972819DD2200B98730 /* APICaller.swift */; };
		41D5B49A2819DD2D00B98730 /* HapticsManager.swift in Sources */ = {isa = PBXBuildFile; fileRef = 41D5B4992819DD2D00B98730 /* HapticsManager.swift */; };
		41D5B49C2819DD4500B98730 /* Playlist.swift in Sources */ = {isa = PBXBuildFile; fileRef = 41D5B49B2819DD4500B98730 /* Playlist.swift */; };
		41D5B49E2819DD6000B98730 /* AudioTrack.swift in Sources */ = {isa = PBXBuildFile; fileRef = 41D5B49D2819DD6000B98730 /* AudioTrack.swift */; };
		41D5B4A02819DD6900B98730 /* Artist.swift in Sources */ = {isa = PBXBuildFile; fileRef = 41D5B49F2819DD6900B98730 /* Artist.swift */; };
		41D5B4A22819DD7000B98730 /* UserProfile.swift in Sources */ = {isa = PBXBuildFile; fileRef = 41D5B4A12819DD7000B98730 /* UserProfile.swift */; };
		41D5B4A42819E9ED00B98730 /* Extensions.swift in Sources */ = {isa = PBXBuildFile; fileRef = 41D5B4A32819E9ED00B98730 /* Extensions.swift */; };
		41D5B4A6281B758000B98730 /* AuthResponse.swift in Sources */ = {isa = PBXBuildFile; fileRef = 41D5B4A5281B758000B98730 /* AuthResponse.swift */; };
		41E1A4B8283ED30700F0A804 /* NewReleasesResponse.swift in Sources */ = {isa = PBXBuildFile; fileRef = 41E1A4B7283ED30700F0A804 /* NewReleasesResponse.swift */; };
		41E1A4BA283ED40E00F0A804 /* APIImage.swift in Sources */ = {isa = PBXBuildFile; fileRef = 41E1A4B9283ED40E00F0A804 /* APIImage.swift */; };
		41E1A4BC283ED7A500F0A804 /* FeaturedPlaylistsResponse.swift in Sources */ = {isa = PBXBuildFile; fileRef = 41E1A4BB283ED7A500F0A804 /* FeaturedPlaylistsResponse.swift */; };
		41E1A4C0283F045000F0A804 /* RecommendedGenresResponse.swift in Sources */ = {isa = PBXBuildFile; fileRef = 41E1A4BF283F045000F0A804 /* RecommendedGenresResponse.swift */; };
		41E1A4C2283F128900F0A804 /* RecommendationsResponse.swift in Sources */ = {isa = PBXBuildFile; fileRef = 41E1A4C1283F128900F0A804 /* RecommendationsResponse.swift */; };
		41E1A4C4283F132800F0A804 /* Album.swift in Sources */ = {isa = PBXBuildFile; fileRef = 41E1A4C3283F132800F0A804 /* Album.swift */; };
		41E1A4C7283F260A00F0A804 /* NewReleaseCollectionViewCell.swift in Sources */ = {isa = PBXBuildFile; fileRef = 41E1A4C6283F260A00F0A804 /* NewReleaseCollectionViewCell.swift */; };
		41E1A4C9283F264000F0A804 /* FeaturedPlaylistCollectionViewCell.swift in Sources */ = {isa = PBXBuildFile; fileRef = 41E1A4C8283F264000F0A804 /* FeaturedPlaylistCollectionViewCell.swift */; };
		41E1A4CB283F266100F0A804 /* RecommendedMusicCollectionViewCell.swift in Sources */ = {isa = PBXBuildFile; fileRef = 41E1A4CA283F266100F0A804 /* RecommendedMusicCollectionViewCell.swift */; };
		41E1A4CD284035D100F0A804 /* NewReleasesCellViewModel.swift in Sources */ = {isa = PBXBuildFile; fileRef = 41E1A4CC284035D100F0A804 /* NewReleasesCellViewModel.swift */; };
		6789EF94AF5396892A044E77 /* Pods_SpotifyUIKit.framework in Frameworks */ = {isa = PBXBuildFile; fileRef = FC5A07F35A77F01EE4D62FBB /* Pods_SpotifyUIKit.framework */; };
/* End PBXBuildFile section */

/* Begin PBXFileReference section */
		30C171AAC4473AD74BB7F5CE /* Pods-SpotifyUIKit.debug.xcconfig */ = {isa = PBXFileReference; includeInIndex = 1; lastKnownFileType = text.xcconfig; name = "Pods-SpotifyUIKit.debug.xcconfig"; path = "Target Support Files/Pods-SpotifyUIKit/Pods-SpotifyUIKit.debug.xcconfig"; sourceTree = "<group>"; };
		41485E1F2819D80B000648D0 /* SpotifyUIKit.app */ = {isa = PBXFileReference; explicitFileType = wrapper.application; includeInIndex = 0; path = SpotifyUIKit.app; sourceTree = BUILT_PRODUCTS_DIR; };
		41485E222819D80B000648D0 /* AppDelegate.swift */ = {isa = PBXFileReference; lastKnownFileType = sourcecode.swift; path = AppDelegate.swift; sourceTree = "<group>"; };
		41485E242819D80B000648D0 /* SceneDelegate.swift */ = {isa = PBXFileReference; lastKnownFileType = sourcecode.swift; path = SceneDelegate.swift; sourceTree = "<group>"; };
		41485E262819D80B000648D0 /* HomeViewController.swift */ = {isa = PBXFileReference; lastKnownFileType = sourcecode.swift; path = HomeViewController.swift; sourceTree = "<group>"; };
		41485E2B2819D80D000648D0 /* Assets.xcassets */ = {isa = PBXFileReference; lastKnownFileType = folder.assetcatalog; path = Assets.xcassets; sourceTree = "<group>"; };
		41485E2E2819D80D000648D0 /* Base */ = {isa = PBXFileReference; lastKnownFileType = file.storyboard; name = Base; path = Base.lproj/LaunchScreen.storyboard; sourceTree = "<group>"; };
		41485E302819D80D000648D0 /* Info.plist */ = {isa = PBXFileReference; lastKnownFileType = text.plist.xml; path = Info.plist; sourceTree = "<group>"; };
		417E0C01282067F500FCFB34 /* SettingsModel.swift */ = {isa = PBXFileReference; lastKnownFileType = sourcecode.swift; path = SettingsModel.swift; sourceTree = "<group>"; };
		41D5B47F2819DAA500B98730 /* TabBarViewController.swift */ = {isa = PBXFileReference; lastKnownFileType = sourcecode.swift; path = TabBarViewController.swift; sourceTree = "<group>"; };
		41D5B4812819DAEC00B98730 /* SearchViewController.swift */ = {isa = PBXFileReference; lastKnownFileType = sourcecode.swift; name = SearchViewController.swift; path = SpotifyUIKit/Controllers/Core/SearchViewController.swift; sourceTree = SOURCE_ROOT; };
		41D5B4832819DAFC00B98730 /* LibraryViewController.swift */ = {isa = PBXFileReference; lastKnownFileType = sourcecode.swift; path = LibraryViewController.swift; sourceTree = "<group>"; };
		41D5B4872819DBBE00B98730 /* AuthViewController.swift */ = {isa = PBXFileReference; lastKnownFileType = sourcecode.swift; path = AuthViewController.swift; sourceTree = "<group>"; };
		41D5B4892819DBC800B98730 /* WelcomeViewController.swift */ = {isa = PBXFileReference; lastKnownFileType = sourcecode.swift; path = WelcomeViewController.swift; sourceTree = "<group>"; };
		41D5B48B2819DBD500B98730 /* SettingsViewController.swift */ = {isa = PBXFileReference; lastKnownFileType = sourcecode.swift; path = SettingsViewController.swift; sourceTree = "<group>"; };
		41D5B48D2819DBE200B98730 /* ProfileViewController.swift */ = {isa = PBXFileReference; lastKnownFileType = sourcecode.swift; path = ProfileViewController.swift; sourceTree = "<group>"; };
		41D5B48F2819DBEE00B98730 /* PlayerViewController.swift */ = {isa = PBXFileReference; lastKnownFileType = sourcecode.swift; path = PlayerViewController.swift; sourceTree = "<group>"; };
		41D5B4912819DCDC00B98730 /* PlaylistViewController.swift */ = {isa = PBXFileReference; lastKnownFileType = sourcecode.swift; path = PlaylistViewController.swift; sourceTree = "<group>"; };
		41D5B4932819DCF600B98730 /* SearchResultsViewController.swift */ = {isa = PBXFileReference; lastKnownFileType = sourcecode.swift; path = SearchResultsViewController.swift; sourceTree = "<group>"; };
		41D5B4952819DD1500B98730 /* AuthManager.swift */ = {isa = PBXFileReference; lastKnownFileType = sourcecode.swift; path = AuthManager.swift; sourceTree = "<group>"; };
		41D5B4972819DD2200B98730 /* APICaller.swift */ = {isa = PBXFileReference; lastKnownFileType = sourcecode.swift; path = APICaller.swift; sourceTree = "<group>"; };
		41D5B4992819DD2D00B98730 /* HapticsManager.swift */ = {isa = PBXFileReference; lastKnownFileType = sourcecode.swift; path = HapticsManager.swift; sourceTree = "<group>"; };
		41D5B49B2819DD4500B98730 /* Playlist.swift */ = {isa = PBXFileReference; lastKnownFileType = sourcecode.swift; path = Playlist.swift; sourceTree = "<group>"; };
		41D5B49D2819DD6000B98730 /* AudioTrack.swift */ = {isa = PBXFileReference; lastKnownFileType = sourcecode.swift; path = AudioTrack.swift; sourceTree = "<group>"; };
		41D5B49F2819DD6900B98730 /* Artist.swift */ = {isa = PBXFileReference; lastKnownFileType = sourcecode.swift; path = Artist.swift; sourceTree = "<group>"; };
		41D5B4A12819DD7000B98730 /* UserProfile.swift */ = {isa = PBXFileReference; lastKnownFileType = sourcecode.swift; path = UserProfile.swift; sourceTree = "<group>"; };
		41D5B4A32819E9ED00B98730 /* Extensions.swift */ = {isa = PBXFileReference; lastKnownFileType = sourcecode.swift; path = Extensions.swift; sourceTree = "<group>"; };
		41D5B4A5281B758000B98730 /* AuthResponse.swift */ = {isa = PBXFileReference; lastKnownFileType = sourcecode.swift; path = AuthResponse.swift; sourceTree = "<group>"; };
		41E1A4B7283ED30700F0A804 /* NewReleasesResponse.swift */ = {isa = PBXFileReference; lastKnownFileType = sourcecode.swift; path = NewReleasesResponse.swift; sourceTree = "<group>"; };
		41E1A4B9283ED40E00F0A804 /* APIImage.swift */ = {isa = PBXFileReference; lastKnownFileType = sourcecode.swift; path = APIImage.swift; sourceTree = "<group>"; };
		41E1A4BB283ED7A500F0A804 /* FeaturedPlaylistsResponse.swift */ = {isa = PBXFileReference; lastKnownFileType = sourcecode.swift; path = FeaturedPlaylistsResponse.swift; sourceTree = "<group>"; };
		41E1A4BF283F045000F0A804 /* RecommendedGenresResponse.swift */ = {isa = PBXFileReference; lastKnownFileType = sourcecode.swift; path = RecommendedGenresResponse.swift; sourceTree = "<group>"; };
		41E1A4C1283F128900F0A804 /* RecommendationsResponse.swift */ = {isa = PBXFileReference; lastKnownFileType = sourcecode.swift; path = RecommendationsResponse.swift; sourceTree = "<group>"; };
		41E1A4C3283F132800F0A804 /* Album.swift */ = {isa = PBXFileReference; lastKnownFileType = sourcecode.swift; path = Album.swift; sourceTree = "<group>"; };
		41E1A4C6283F260A00F0A804 /* NewReleaseCollectionViewCell.swift */ = {isa = PBXFileReference; lastKnownFileType = sourcecode.swift; path = NewReleaseCollectionViewCell.swift; sourceTree = "<group>"; };
		41E1A4C8283F264000F0A804 /* FeaturedPlaylistCollectionViewCell.swift */ = {isa = PBXFileReference; lastKnownFileType = sourcecode.swift; path = FeaturedPlaylistCollectionViewCell.swift; sourceTree = "<group>"; };
		41E1A4CA283F266100F0A804 /* RecommendedMusicCollectionViewCell.swift */ = {isa = PBXFileReference; lastKnownFileType = sourcecode.swift; path = RecommendedMusicCollectionViewCell.swift; sourceTree = "<group>"; };
		41E1A4CC284035D100F0A804 /* NewReleasesCellViewModel.swift */ = {isa = PBXFileReference; lastKnownFileType = sourcecode.swift; path = NewReleasesCellViewModel.swift; sourceTree = "<group>"; };
		74CA313CEBBEEEAC5A55372D /* Pods-SpotifyUIKit.release.xcconfig */ = {isa = PBXFileReference; includeInIndex = 1; lastKnownFileType = text.xcconfig; name = "Pods-SpotifyUIKit.release.xcconfig"; path = "Target Support Files/Pods-SpotifyUIKit/Pods-SpotifyUIKit.release.xcconfig"; sourceTree = "<group>"; };
		FC5A07F35A77F01EE4D62FBB /* Pods_SpotifyUIKit.framework */ = {isa = PBXFileReference; explicitFileType = wrapper.framework; includeInIndex = 0; path = Pods_SpotifyUIKit.framework; sourceTree = BUILT_PRODUCTS_DIR; };
/* End PBXFileReference section */

/* Begin PBXFrameworksBuildPhase section */
		41485E1C2819D80B000648D0 /* Frameworks */ = {
			isa = PBXFrameworksBuildPhase;
			buildActionMask = 2147483647;
			files = (
				6789EF94AF5396892A044E77 /* Pods_SpotifyUIKit.framework in Frameworks */,
			);
			runOnlyForDeploymentPostprocessing = 0;
		};
/* End PBXFrameworksBuildPhase section */

/* Begin PBXGroup section */
		41485E162819D80B000648D0 = {
			isa = PBXGroup;
			children = (
				41485E212819D80B000648D0 /* SpotifyUIKit */,
				41485E202819D80B000648D0 /* Products */,
				E5CC7C28BDAD23B2E2B96698 /* Pods */,
				4ECF1130E46716D09CEAA017 /* Frameworks */,
			);
			sourceTree = "<group>";
		};
		41485E202819D80B000648D0 /* Products */ = {
			isa = PBXGroup;
			children = (
				41485E1F2819D80B000648D0 /* SpotifyUIKit.app */,
			);
			name = Products;
			sourceTree = "<group>";
		};
		41485E212819D80B000648D0 /* SpotifyUIKit */ = {
			isa = PBXGroup;
			children = (
				41485E302819D80D000648D0 /* Info.plist */,
				41485E3B2819D86B000648D0 /* Resources */,
				41485E3A2819D864000648D0 /* Managers */,
				41485E392819D85D000648D0 /* ViewModels */,
				41485E382819D858000648D0 /* Models */,
				41485E372819D84F000648D0 /* Views */,
				41485E362819D843000648D0 /* Controllers */,
			);
			path = SpotifyUIKit;
			sourceTree = "<group>";
		};
		41485E362819D843000648D0 /* Controllers */ = {
			isa = PBXGroup;
			children = (
				41D5B4862819DB3F00B98730 /* Other */,
				41D5B4852819DB0600B98730 /* Core */,
			);
			path = Controllers;
			sourceTree = "<group>";
		};
		41485E372819D84F000648D0 /* Views */ = {
			isa = PBXGroup;
			children = (
				41E1A4C5283F25B500F0A804 /* Home */,
				41485E2D2819D80D000648D0 /* LaunchScreen.storyboard */,
			);
			path = Views;
			sourceTree = "<group>";
		};
		41485E382819D858000648D0 /* Models */ = {
			isa = PBXGroup;
			children = (
				41D5B4A5281B758000B98730 /* AuthResponse.swift */,
				41E1A4C3283F132800F0A804 /* Album.swift */,
				41D5B49D2819DD6000B98730 /* AudioTrack.swift */,
				41D5B49F2819DD6900B98730 /* Artist.swift */,
				41E1A4B9283ED40E00F0A804 /* APIImage.swift */,
				41D5B49B2819DD4500B98730 /* Playlist.swift */,
				41D5B4A12819DD7000B98730 /* UserProfile.swift */,
				417E0C01282067F500FCFB34 /* SettingsModel.swift */,
				41E1A4B7283ED30700F0A804 /* NewReleasesResponse.swift */,
				41E1A4BB283ED7A500F0A804 /* FeaturedPlaylistsResponse.swift */,
				41E1A4C1283F128900F0A804 /* RecommendationsResponse.swift */,
				41E1A4BF283F045000F0A804 /* RecommendedGenresResponse.swift */,
			);
			path = Models;
			sourceTree = "<group>";
		};
		41485E392819D85D000648D0 /* ViewModels */ = {
			isa = PBXGroup;
			children = (
				41E1A4CC284035D100F0A804 /* NewReleasesCellViewModel.swift */,
			);
			path = ViewModels;
			sourceTree = "<group>";
		};
		41485E3A2819D864000648D0 /* Managers */ = {
			isa = PBXGroup;
			children = (
				41D5B4952819DD1500B98730 /* AuthManager.swift */,
				41D5B4972819DD2200B98730 /* APICaller.swift */,
				41D5B4992819DD2D00B98730 /* HapticsManager.swift */,
			);
			path = Managers;
			sourceTree = "<group>";
		};
		41485E3B2819D86B000648D0 /* Resources */ = {
			isa = PBXGroup;
			children = (
				41485E222819D80B000648D0 /* AppDelegate.swift */,
				41485E242819D80B000648D0 /* SceneDelegate.swift */,
				41485E2B2819D80D000648D0 /* Assets.xcassets */,
				41D5B4A32819E9ED00B98730 /* Extensions.swift */,
			);
			path = Resources;
			sourceTree = "<group>";
		};
		41D5B4852819DB0600B98730 /* Core */ = {
			isa = PBXGroup;
			children = (
				41D5B4812819DAEC00B98730 /* SearchViewController.swift */,
				41D5B4832819DAFC00B98730 /* LibraryViewController.swift */,
				41485E262819D80B000648D0 /* HomeViewController.swift */,
				41D5B47F2819DAA500B98730 /* TabBarViewController.swift */,
			);
			path = Core;
			sourceTree = "<group>";
		};
		41D5B4862819DB3F00B98730 /* Other */ = {
			isa = PBXGroup;
			children = (
				41D5B4872819DBBE00B98730 /* AuthViewController.swift */,
				41D5B4892819DBC800B98730 /* WelcomeViewController.swift */,
				41D5B48B2819DBD500B98730 /* SettingsViewController.swift */,
				41D5B48D2819DBE200B98730 /* ProfileViewController.swift */,
				41D5B48F2819DBEE00B98730 /* PlayerViewController.swift */,
				41D5B4912819DCDC00B98730 /* PlaylistViewController.swift */,
				41D5B4932819DCF600B98730 /* SearchResultsViewController.swift */,
			);
			path = Other;
			sourceTree = "<group>";
		};
		41E1A4C5283F25B500F0A804 /* Home */ = {
			isa = PBXGroup;
			children = (
				41E1A4C6283F260A00F0A804 /* NewReleaseCollectionViewCell.swift */,
				41E1A4C8283F264000F0A804 /* FeaturedPlaylistCollectionViewCell.swift */,
				41E1A4CA283F266100F0A804 /* RecommendedMusicCollectionViewCell.swift */,
			);
			path = Home;
			sourceTree = "<group>";
		};
		4ECF1130E46716D09CEAA017 /* Frameworks */ = {
			isa = PBXGroup;
			children = (
				FC5A07F35A77F01EE4D62FBB /* Pods_SpotifyUIKit.framework */,
			);
			name = Frameworks;
			sourceTree = "<group>";
		};
		E5CC7C28BDAD23B2E2B96698 /* Pods */ = {
			isa = PBXGroup;
			children = (
				30C171AAC4473AD74BB7F5CE /* Pods-SpotifyUIKit.debug.xcconfig */,
				74CA313CEBBEEEAC5A55372D /* Pods-SpotifyUIKit.release.xcconfig */,
			);
			path = Pods;
			sourceTree = "<group>";
		};
/* End PBXGroup section */

/* Begin PBXNativeTarget section */
		41485E1E2819D80B000648D0 /* SpotifyUIKit */ = {
			isa = PBXNativeTarget;
			buildConfigurationList = 41485E332819D80D000648D0 /* Build configuration list for PBXNativeTarget "SpotifyUIKit" */;
			buildPhases = (
				605856A95D7FC5CDF0A856A7 /* [CP] Check Pods Manifest.lock */,
				41485E1B2819D80B000648D0 /* Sources */,
				41485E1C2819D80B000648D0 /* Frameworks */,
				41485E1D2819D80B000648D0 /* Resources */,
				5AA1975E14CF2AED12E8BC70 /* [CP] Embed Pods Frameworks */,
			);
			buildRules = (
			);
			dependencies = (
			);
			name = SpotifyUIKit;
			productName = SpotifyUIKit;
			productReference = 41485E1F2819D80B000648D0 /* SpotifyUIKit.app */;
			productType = "com.apple.product-type.application";
		};
/* End PBXNativeTarget section */

/* Begin PBXProject section */
		41485E172819D80B000648D0 /* Project object */ = {
			isa = PBXProject;
			attributes = {
				BuildIndependentTargetsInParallel = 1;
				LastSwiftUpdateCheck = 1330;
				LastUpgradeCheck = 1330;
				TargetAttributes = {
					41485E1E2819D80B000648D0 = {
						CreatedOnToolsVersion = 13.3;
					};
				};
			};
			buildConfigurationList = 41485E1A2819D80B000648D0 /* Build configuration list for PBXProject "SpotifyUIKit" */;
			compatibilityVersion = "Xcode 13.0";
			developmentRegion = en;
			hasScannedForEncodings = 0;
			knownRegions = (
				en,
				Base,
			);
			mainGroup = 41485E162819D80B000648D0;
			productRefGroup = 41485E202819D80B000648D0 /* Products */;
			projectDirPath = "";
			projectRoot = "";
			targets = (
				41485E1E2819D80B000648D0 /* SpotifyUIKit */,
			);
		};
/* End PBXProject section */

/* Begin PBXResourcesBuildPhase section */
		41485E1D2819D80B000648D0 /* Resources */ = {
			isa = PBXResourcesBuildPhase;
			buildActionMask = 2147483647;
			files = (
				41485E2F2819D80D000648D0 /* LaunchScreen.storyboard in Resources */,
				41485E2C2819D80D000648D0 /* Assets.xcassets in Resources */,
			);
			runOnlyForDeploymentPostprocessing = 0;
		};
/* End PBXResourcesBuildPhase section */

/* Begin PBXShellScriptBuildPhase section */
		5AA1975E14CF2AED12E8BC70 /* [CP] Embed Pods Frameworks */ = {
			isa = PBXShellScriptBuildPhase;
			buildActionMask = 2147483647;
			files = (
			);
			inputFileListPaths = (
				"${PODS_ROOT}/Target Support Files/Pods-SpotifyUIKit/Pods-SpotifyUIKit-frameworks-${CONFIGURATION}-input-files.xcfilelist",
			);
			name = "[CP] Embed Pods Frameworks";
			outputFileListPaths = (
				"${PODS_ROOT}/Target Support Files/Pods-SpotifyUIKit/Pods-SpotifyUIKit-frameworks-${CONFIGURATION}-output-files.xcfilelist",
			);
			runOnlyForDeploymentPostprocessing = 0;
			shellPath = /bin/sh;
			shellScript = "\"${PODS_ROOT}/Target Support Files/Pods-SpotifyUIKit/Pods-SpotifyUIKit-frameworks.sh\"\n";
			showEnvVarsInLog = 0;
		};
		605856A95D7FC5CDF0A856A7 /* [CP] Check Pods Manifest.lock */ = {
			isa = PBXShellScriptBuildPhase;
			buildActionMask = 2147483647;
			files = (
			);
			inputFileListPaths = (
			);
			inputPaths = (
				"${PODS_PODFILE_DIR_PATH}/Podfile.lock",
				"${PODS_ROOT}/Manifest.lock",
			);
			name = "[CP] Check Pods Manifest.lock";
			outputFileListPaths = (
			);
			outputPaths = (
				"$(DERIVED_FILE_DIR)/Pods-SpotifyUIKit-checkManifestLockResult.txt",
			);
			runOnlyForDeploymentPostprocessing = 0;
			shellPath = /bin/sh;
			shellScript = "diff \"${PODS_PODFILE_DIR_PATH}/Podfile.lock\" \"${PODS_ROOT}/Manifest.lock\" > /dev/null\nif [ $? != 0 ] ; then\n    # print error to STDERR\n    echo \"error: The sandbox is not in sync with the Podfile.lock. Run 'pod install' or update your CocoaPods installation.\" >&2\n    exit 1\nfi\n# This output is used by Xcode 'outputs' to avoid re-running this script phase.\necho \"SUCCESS\" > \"${SCRIPT_OUTPUT_FILE_0}\"\n";
			showEnvVarsInLog = 0;
		};
/* End PBXShellScriptBuildPhase section */

/* Begin PBXSourcesBuildPhase section */
		41485E1B2819D80B000648D0 /* Sources */ = {
			isa = PBXSourcesBuildPhase;
			buildActionMask = 2147483647;
			files = (
				41E1A4CD284035D100F0A804 /* NewReleasesCellViewModel.swift in Sources */,
				41D5B4822819DAEC00B98730 /* SearchViewController.swift in Sources */,
				41E1A4C7283F260A00F0A804 /* NewReleaseCollectionViewCell.swift in Sources */,
				41D5B4A22819DD7000B98730 /* UserProfile.swift in Sources */,
				41E1A4C4283F132800F0A804 /* Album.swift in Sources */,
				41D5B4962819DD1500B98730 /* AuthManager.swift in Sources */,
				41D5B4942819DCF600B98730 /* SearchResultsViewController.swift in Sources */,
				41E1A4BA283ED40E00F0A804 /* APIImage.swift in Sources */,
				41D5B48A2819DBC800B98730 /* WelcomeViewController.swift in Sources */,
				41D5B48E2819DBE200B98730 /* ProfileViewController.swift in Sources */,
				41D5B4802819DAA500B98730 /* TabBarViewController.swift in Sources */,
				41D5B49A2819DD2D00B98730 /* HapticsManager.swift in Sources */,
				41D5B4A6281B758000B98730 /* AuthResponse.swift in Sources */,
				41E1A4B8283ED30700F0A804 /* NewReleasesResponse.swift in Sources */,
				41E1A4C2283F128900F0A804 /* RecommendationsResponse.swift in Sources */,
				41E1A4CB283F266100F0A804 /* RecommendedMusicCollectionViewCell.swift in Sources */,
				41485E272819D80B000648D0 /* HomeViewController.swift in Sources */,
				41D5B49E2819DD6000B98730 /* AudioTrack.swift in Sources */,
				41D5B4882819DBBE00B98730 /* AuthViewController.swift in Sources */,
				417E0C02282067F500FCFB34 /* SettingsModel.swift in Sources */,
				41485E232819D80B000648D0 /* AppDelegate.swift in Sources */,
				41D5B49C2819DD4500B98730 /* Playlist.swift in Sources */,
				41E1A4C9283F264000F0A804 /* FeaturedPlaylistCollectionViewCell.swift in Sources */,
				41D5B4A42819E9ED00B98730 /* Extensions.swift in Sources */,
				41D5B4842819DAFC00B98730 /* LibraryViewController.swift in Sources */,
				41D5B4A02819DD6900B98730 /* Artist.swift in Sources */,
				41D5B4922819DCDC00B98730 /* PlaylistViewController.swift in Sources */,
				41485E252819D80B000648D0 /* SceneDelegate.swift in Sources */,
				41D5B4902819DBEE00B98730 /* PlayerViewController.swift in Sources */,
				41D5B4982819DD2200B98730 /* APICaller.swift in Sources */,
				41E1A4BC283ED7A500F0A804 /* FeaturedPlaylistsResponse.swift in Sources */,
				41D5B48C2819DBD500B98730 /* SettingsViewController.swift in Sources */,
				41E1A4C0283F045000F0A804 /* RecommendedGenresResponse.swift in Sources */,
			);
			runOnlyForDeploymentPostprocessing = 0;
		};
/* End PBXSourcesBuildPhase section */

/* Begin PBXVariantGroup section */
		41485E2D2819D80D000648D0 /* LaunchScreen.storyboard */ = {
			isa = PBXVariantGroup;
			children = (
				41485E2E2819D80D000648D0 /* Base */,
			);
			name = LaunchScreen.storyboard;
			sourceTree = "<group>";
		};
/* End PBXVariantGroup section */

/* Begin XCBuildConfiguration section */
		41485E312819D80D000648D0 /* Debug */ = {
			isa = XCBuildConfiguration;
			buildSettings = {
				ALWAYS_SEARCH_USER_PATHS = NO;
				CLANG_ANALYZER_NONNULL = YES;
				CLANG_ANALYZER_NUMBER_OBJECT_CONVERSION = YES_AGGRESSIVE;
				CLANG_CXX_LANGUAGE_STANDARD = "gnu++17";
				CLANG_ENABLE_MODULES = YES;
				CLANG_ENABLE_OBJC_ARC = YES;
				CLANG_ENABLE_OBJC_WEAK = YES;
				CLANG_WARN_BLOCK_CAPTURE_AUTORELEASING = YES;
				CLANG_WARN_BOOL_CONVERSION = YES;
				CLANG_WARN_COMMA = YES;
				CLANG_WARN_CONSTANT_CONVERSION = YES;
				CLANG_WARN_DEPRECATED_OBJC_IMPLEMENTATIONS = YES;
				CLANG_WARN_DIRECT_OBJC_ISA_USAGE = YES_ERROR;
				CLANG_WARN_DOCUMENTATION_COMMENTS = YES;
				CLANG_WARN_EMPTY_BODY = YES;
				CLANG_WARN_ENUM_CONVERSION = YES;
				CLANG_WARN_INFINITE_RECURSION = YES;
				CLANG_WARN_INT_CONVERSION = YES;
				CLANG_WARN_NON_LITERAL_NULL_CONVERSION = YES;
				CLANG_WARN_OBJC_IMPLICIT_RETAIN_SELF = YES;
				CLANG_WARN_OBJC_LITERAL_CONVERSION = YES;
				CLANG_WARN_OBJC_ROOT_CLASS = YES_ERROR;
				CLANG_WARN_QUOTED_INCLUDE_IN_FRAMEWORK_HEADER = YES;
				CLANG_WARN_RANGE_LOOP_ANALYSIS = YES;
				CLANG_WARN_STRICT_PROTOTYPES = YES;
				CLANG_WARN_SUSPICIOUS_MOVE = YES;
				CLANG_WARN_UNGUARDED_AVAILABILITY = YES_AGGRESSIVE;
				CLANG_WARN_UNREACHABLE_CODE = YES;
				CLANG_WARN__DUPLICATE_METHOD_MATCH = YES;
				COPY_PHASE_STRIP = NO;
				DEBUG_INFORMATION_FORMAT = dwarf;
				ENABLE_STRICT_OBJC_MSGSEND = YES;
				ENABLE_TESTABILITY = YES;
				GCC_C_LANGUAGE_STANDARD = gnu11;
				GCC_DYNAMIC_NO_PIC = NO;
				GCC_NO_COMMON_BLOCKS = YES;
				GCC_OPTIMIZATION_LEVEL = 0;
				GCC_PREPROCESSOR_DEFINITIONS = (
					"DEBUG=1",
					"$(inherited)",
				);
				GCC_WARN_64_TO_32_BIT_CONVERSION = YES;
				GCC_WARN_ABOUT_RETURN_TYPE = YES_ERROR;
				GCC_WARN_UNDECLARED_SELECTOR = YES;
				GCC_WARN_UNINITIALIZED_AUTOS = YES_AGGRESSIVE;
				GCC_WARN_UNUSED_FUNCTION = YES;
				GCC_WARN_UNUSED_VARIABLE = YES;
				IPHONEOS_DEPLOYMENT_TARGET = 15.4;
				MTL_ENABLE_DEBUG_INFO = INCLUDE_SOURCE;
				MTL_FAST_MATH = YES;
				ONLY_ACTIVE_ARCH = YES;
				SDKROOT = iphoneos;
				SWIFT_ACTIVE_COMPILATION_CONDITIONS = DEBUG;
				SWIFT_OPTIMIZATION_LEVEL = "-Onone";
			};
			name = Debug;
		};
		41485E322819D80D000648D0 /* Release */ = {
			isa = XCBuildConfiguration;
			buildSettings = {
				ALWAYS_SEARCH_USER_PATHS = NO;
				CLANG_ANALYZER_NONNULL = YES;
				CLANG_ANALYZER_NUMBER_OBJECT_CONVERSION = YES_AGGRESSIVE;
				CLANG_CXX_LANGUAGE_STANDARD = "gnu++17";
				CLANG_ENABLE_MODULES = YES;
				CLANG_ENABLE_OBJC_ARC = YES;
				CLANG_ENABLE_OBJC_WEAK = YES;
				CLANG_WARN_BLOCK_CAPTURE_AUTORELEASING = YES;
				CLANG_WARN_BOOL_CONVERSION = YES;
				CLANG_WARN_COMMA = YES;
				CLANG_WARN_CONSTANT_CONVERSION = YES;
				CLANG_WARN_DEPRECATED_OBJC_IMPLEMENTATIONS = YES;
				CLANG_WARN_DIRECT_OBJC_ISA_USAGE = YES_ERROR;
				CLANG_WARN_DOCUMENTATION_COMMENTS = YES;
				CLANG_WARN_EMPTY_BODY = YES;
				CLANG_WARN_ENUM_CONVERSION = YES;
				CLANG_WARN_INFINITE_RECURSION = YES;
				CLANG_WARN_INT_CONVERSION = YES;
				CLANG_WARN_NON_LITERAL_NULL_CONVERSION = YES;
				CLANG_WARN_OBJC_IMPLICIT_RETAIN_SELF = YES;
				CLANG_WARN_OBJC_LITERAL_CONVERSION = YES;
				CLANG_WARN_OBJC_ROOT_CLASS = YES_ERROR;
				CLANG_WARN_QUOTED_INCLUDE_IN_FRAMEWORK_HEADER = YES;
				CLANG_WARN_RANGE_LOOP_ANALYSIS = YES;
				CLANG_WARN_STRICT_PROTOTYPES = YES;
				CLANG_WARN_SUSPICIOUS_MOVE = YES;
				CLANG_WARN_UNGUARDED_AVAILABILITY = YES_AGGRESSIVE;
				CLANG_WARN_UNREACHABLE_CODE = YES;
				CLANG_WARN__DUPLICATE_METHOD_MATCH = YES;
				COPY_PHASE_STRIP = NO;
				DEBUG_INFORMATION_FORMAT = "dwarf-with-dsym";
				ENABLE_NS_ASSERTIONS = NO;
				ENABLE_STRICT_OBJC_MSGSEND = YES;
				GCC_C_LANGUAGE_STANDARD = gnu11;
				GCC_NO_COMMON_BLOCKS = YES;
				GCC_WARN_64_TO_32_BIT_CONVERSION = YES;
				GCC_WARN_ABOUT_RETURN_TYPE = YES_ERROR;
				GCC_WARN_UNDECLARED_SELECTOR = YES;
				GCC_WARN_UNINITIALIZED_AUTOS = YES_AGGRESSIVE;
				GCC_WARN_UNUSED_FUNCTION = YES;
				GCC_WARN_UNUSED_VARIABLE = YES;
				IPHONEOS_DEPLOYMENT_TARGET = 15.4;
				MTL_ENABLE_DEBUG_INFO = NO;
				MTL_FAST_MATH = YES;
				SDKROOT = iphoneos;
				SWIFT_COMPILATION_MODE = wholemodule;
				SWIFT_OPTIMIZATION_LEVEL = "-O";
				VALIDATE_PRODUCT = YES;
			};
			name = Release;
		};
		41485E342819D80D000648D0 /* Debug */ = {
			isa = XCBuildConfiguration;
			baseConfigurationReference = 30C171AAC4473AD74BB7F5CE /* Pods-SpotifyUIKit.debug.xcconfig */;
			buildSettings = {
				ASSETCATALOG_COMPILER_APPICON_NAME = AppIcon;
				ASSETCATALOG_COMPILER_GLOBAL_ACCENT_COLOR_NAME = AccentColor;
				CODE_SIGN_STYLE = Automatic;
				CURRENT_PROJECT_VERSION = 1;
				DEVELOPMENT_TEAM = Z9NXKK53HS;
				GENERATE_INFOPLIST_FILE = YES;
				INFOPLIST_FILE = SpotifyUIKit/Info.plist;
				INFOPLIST_KEY_UIApplicationSupportsIndirectInputEvents = YES;
				INFOPLIST_KEY_UILaunchStoryboardName = LaunchScreen;
				INFOPLIST_KEY_UIMainStoryboardFile = LaunchScreen;
				INFOPLIST_KEY_UISupportedInterfaceOrientations = "UIInterfaceOrientationPortrait UIInterfaceOrientationLandscapeLeft UIInterfaceOrientationLandscapeRight";
				INFOPLIST_KEY_UISupportedInterfaceOrientations_iPad = "UIInterfaceOrientationPortrait UIInterfaceOrientationPortraitUpsideDown UIInterfaceOrientationLandscapeLeft UIInterfaceOrientationLandscapeRight";
				INFOPLIST_KEY_UISupportedInterfaceOrientations_iPhone = "UIInterfaceOrientationPortrait UIInterfaceOrientationLandscapeLeft UIInterfaceOrientationLandscapeRight";
				IPHONEOS_DEPLOYMENT_TARGET = 15.4;
				LD_RUNPATH_SEARCH_PATHS = (
					"$(inherited)",
					"@executable_path/Frameworks",
				);
				MARKETING_VERSION = 1.0;
				PRODUCT_BUNDLE_IDENTIFIER = com.hunterdowney.SpotifyUIKit;
				PRODUCT_NAME = "$(TARGET_NAME)";
				SWIFT_EMIT_LOC_STRINGS = YES;
				SWIFT_VERSION = 5.0;
				TARGETED_DEVICE_FAMILY = "1,2";
			};
			name = Debug;
		};
		41485E352819D80D000648D0 /* Release */ = {
			isa = XCBuildConfiguration;
			baseConfigurationReference = 74CA313CEBBEEEAC5A55372D /* Pods-SpotifyUIKit.release.xcconfig */;
			buildSettings = {
				ASSETCATALOG_COMPILER_APPICON_NAME = AppIcon;
				ASSETCATALOG_COMPILER_GLOBAL_ACCENT_COLOR_NAME = AccentColor;
				CODE_SIGN_STYLE = Automatic;
				CURRENT_PROJECT_VERSION = 1;
				DEVELOPMENT_TEAM = Z9NXKK53HS;
				GENERATE_INFOPLIST_FILE = YES;
				INFOPLIST_FILE = SpotifyUIKit/Info.plist;
				INFOPLIST_KEY_UIApplicationSupportsIndirectInputEvents = YES;
				INFOPLIST_KEY_UILaunchStoryboardName = LaunchScreen;
				INFOPLIST_KEY_UIMainStoryboardFile = LaunchScreen;
				INFOPLIST_KEY_UISupportedInterfaceOrientations = "UIInterfaceOrientationPortrait UIInterfaceOrientationLandscapeLeft UIInterfaceOrientationLandscapeRight";
				INFOPLIST_KEY_UISupportedInterfaceOrientations_iPad = "UIInterfaceOrientationPortrait UIInterfaceOrientationPortraitUpsideDown UIInterfaceOrientationLandscapeLeft UIInterfaceOrientationLandscapeRight";
				INFOPLIST_KEY_UISupportedInterfaceOrientations_iPhone = "UIInterfaceOrientationPortrait UIInterfaceOrientationLandscapeLeft UIInterfaceOrientationLandscapeRight";
				IPHONEOS_DEPLOYMENT_TARGET = 15.4;
				LD_RUNPATH_SEARCH_PATHS = (
					"$(inherited)",
					"@executable_path/Frameworks",
				);
				MARKETING_VERSION = 1.0;
				PRODUCT_BUNDLE_IDENTIFIER = com.hunterdowney.SpotifyUIKit;
				PRODUCT_NAME = "$(TARGET_NAME)";
				SWIFT_EMIT_LOC_STRINGS = YES;
				SWIFT_VERSION = 5.0;
				TARGETED_DEVICE_FAMILY = "1,2";
			};
			name = Release;
		};
/* End XCBuildConfiguration section */

/* Begin XCConfigurationList section */
		41485E1A2819D80B000648D0 /* Build configuration list for PBXProject "SpotifyUIKit" */ = {
			isa = XCConfigurationList;
			buildConfigurations = (
				41485E312819D80D000648D0 /* Debug */,
				41485E322819D80D000648D0 /* Release */,
			);
			defaultConfigurationIsVisible = 0;
			defaultConfigurationName = Release;
		};
		41485E332819D80D000648D0 /* Build configuration list for PBXNativeTarget "SpotifyUIKit" */ = {
			isa = XCConfigurationList;
			buildConfigurations = (
				41485E342819D80D000648D0 /* Debug */,
				41485E352819D80D000648D0 /* Release */,
			);
			defaultConfigurationIsVisible = 0;
			defaultConfigurationName = Release;
		};
/* End XCConfigurationList section */
	};
	rootObject = 41485E172819D80B000648D0 /* Project object */;
}
